
Microsoft Visual Studio Solution File, Format Version 12.00
# Visual Studio Version 16
VisualStudioVersion = 16.0.30114.105
MinimumVisualStudioVersion = 10.0.40219.1
Project("{FAE04EC0-301F-11D3-BF4B-00C04F79EFBC}") = "HelloWorld", "00_HelloWorld\HelloWorld.csproj", "{27F250CF-8103-4F2B-98CD-B2803C260C4E}"
EndProject
Project("{FAE04EC0-301F-11D3-BF4B-00C04F79EFBC}") = "Variables", "01_Variables\Variables.csproj", "{E7003F57-88D3-48B9-A573-2332B5234CCE}"
EndProject
Project("{FAE04EC0-301F-11D3-BF4B-00C04F79EFBC}") = "BasicType", "02_Types\BasicType.csproj", "{4F22133E-85DE-4C6F-8A92-8ED43B3E4DA5}"
EndProject
Project("{FAE04EC0-301F-11D3-BF4B-00C04F79EFBC}") = "Operators", "03_Operators\Operators.csproj", "{64D4F3BC-3E9D-49AB-A421-43697F953223}"
EndProject
Project("{FAE04EC0-301F-11D3-BF4B-00C04F79EFBC}") = "Strings", "04_Strings\Strings.csproj", "{2537540F-8626-4C89-9E09-BDB8A51CD324}"
EndProject
Project("{FAE04EC0-301F-11D3-BF4B-00C04F79EFBC}") = "TypesChallenges", "02_TypesChallenges\TypesChallenges.csproj", "{7246BF23-B82D-4BBC-80AE-11DA80E92DF9}"
EndProject
Project("{2150E333-8FDC-42A3-9474-1A3956D46DE8}") = "06_Conditionals", "06_Conditionals", "{E7A82EFA-E28F-4276-8623-F546FCDE424D}"
EndProject
Project("{FAE04EC0-301F-11D3-BF4B-00C04F79EFBC}") = "IfStatements", "06_Conditionals\IfStatements\IfStatements.csproj", "{58E67C04-A94F-400A-9042-AC3B9B5C9A43}"
EndProject
Project("{FAE04EC0-301F-11D3-BF4B-00C04F79EFBC}") = "Ternaries", "06_Conditionals\Ternaries\Ternaries.csproj", "{7B971216-46F5-46F4-8C67-D5FE2EC331CB}"
EndProject
Project("{FAE04EC0-301F-11D3-BF4B-00C04F79EFBC}") = "Switches", "06_Conditionals\Switches\Switches.csproj", "{DB8C561D-EF3F-426C-BD5D-5103BAC09385}"
EndProject
Project("{FAE04EC0-301F-11D3-BF4B-00C04F79EFBC}") = "Challenges", "06_Conditionals\Challenges\Challenges.csproj", "{16B93D08-FD4E-443E-93AC-B773A7A360AE}"
EndProject
Project("{FAE04EC0-301F-11D3-BF4B-00C04F79EFBC}") = "DailyChallenge", "06_Conditionals\DailyChallenge\DailyChallenge.csproj", "{C3012FD2-2515-4F33-BDE5-7263D77FC9FF}"
EndProject
Project("{FAE04EC0-301F-11D3-BF4B-00C04F79EFBC}") = "Booleans", "05_Booleans\Booleans.csproj", "{C60085AF-A9FE-41D0-A54E-3E82631970B8}"
EndProject
Global
	GlobalSection(SolutionConfigurationPlatforms) = preSolution
		Debug|Any CPU = Debug|Any CPU
		Debug|x64 = Debug|x64
		Debug|x86 = Debug|x86
		Release|Any CPU = Release|Any CPU
		Release|x64 = Release|x64
		Release|x86 = Release|x86
	EndGlobalSection
	GlobalSection(ProjectConfigurationPlatforms) = postSolution
		{C3012FD2-2515-4F33-BDE5-7263D77FC9FF}.Debug|Any CPU.ActiveCfg = Debug|Any CPU
		{C3012FD2-2515-4F33-BDE5-7263D77FC9FF}.Debug|Any CPU.Build.0 = Debug|Any CPU
		{C3012FD2-2515-4F33-BDE5-7263D77FC9FF}.Debug|x64.ActiveCfg = Debug|Any CPU
		{C3012FD2-2515-4F33-BDE5-7263D77FC9FF}.Debug|x64.Build.0 = Debug|Any CPU
		{C3012FD2-2515-4F33-BDE5-7263D77FC9FF}.Debug|x86.ActiveCfg = Debug|Any CPU
		{C3012FD2-2515-4F33-BDE5-7263D77FC9FF}.Debug|x86.Build.0 = Debug|Any CPU
		{C3012FD2-2515-4F33-BDE5-7263D77FC9FF}.Release|Any CPU.ActiveCfg = Release|Any CPU
		{C3012FD2-2515-4F33-BDE5-7263D77FC9FF}.Release|Any CPU.Build.0 = Release|Any CPU
		{C3012FD2-2515-4F33-BDE5-7263D77FC9FF}.Release|x64.ActiveCfg = Release|Any CPU
		{C3012FD2-2515-4F33-BDE5-7263D77FC9FF}.Release|x64.Build.0 = Release|Any CPU
		{C3012FD2-2515-4F33-BDE5-7263D77FC9FF}.Release|x86.ActiveCfg = Release|Any CPU
		{C3012FD2-2515-4F33-BDE5-7263D77FC9FF}.Release|x86.Build.0 = Release|Any CPU
		{C60085AF-A9FE-41D0-A54E-3E82631970B8}.Debug|Any CPU.ActiveCfg = Debug|Any CPU
		{C60085AF-A9FE-41D0-A54E-3E82631970B8}.Debug|Any CPU.Build.0 = Debug|Any CPU
		{C60085AF-A9FE-41D0-A54E-3E82631970B8}.Debug|x64.ActiveCfg = Debug|Any CPU
		{C60085AF-A9FE-41D0-A54E-3E82631970B8}.Debug|x64.Build.0 = Debug|Any CPU
		{C60085AF-A9FE-41D0-A54E-3E82631970B8}.Debug|x86.ActiveCfg = Debug|Any CPU
		{C60085AF-A9FE-41D0-A54E-3E82631970B8}.Debug|x86.Build.0 = Debug|Any CPU
		{C60085AF-A9FE-41D0-A54E-3E82631970B8}.Release|Any CPU.ActiveCfg = Release|Any CPU
		{C60085AF-A9FE-41D0-A54E-3E82631970B8}.Release|Any CPU.Build.0 = Release|Any CPU
		{C60085AF-A9FE-41D0-A54E-3E82631970B8}.Release|x64.ActiveCfg = Release|Any CPU
		{C60085AF-A9FE-41D0-A54E-3E82631970B8}.Release|x64.Build.0 = Release|Any CPU
		{C60085AF-A9FE-41D0-A54E-3E82631970B8}.Release|x86.ActiveCfg = Release|Any CPU
		{C60085AF-A9FE-41D0-A54E-3E82631970B8}.Release|x86.Build.0 = Release|Any CPU
	EndGlobalSection
	GlobalSection(NestedProjects) = preSolution
		{C3012FD2-2515-4F33-BDE5-7263D77FC9FF} = {E7A82EFA-E28F-4276-8623-F546FCDE424D}
	EndGlobalSection
EndGlobal
